
Microsoft Visual Studio Solution File, Format Version 12.00
# Visual Studio Version 17
VisualStudioVersion = 17.9.34728.123
MinimumVisualStudioVersion = 10.0.40219.1
Project("{FAE04EC0-301F-11D3-BF4B-00C04F79EFBC}") = "Comparison", "Comparison\Comparison.csproj", "{193E25C9-39B8-44B7-AB7D-ABEBF5EAB9D6}"
EndProject
Global
	GlobalSection(SolutionConfigurationPlatforms) = preSolution
		Debug|Any CPU = Debug|Any CPU
		Release|Any CPU = Release|Any CPU
	EndGlobalSection
	GlobalSection(ProjectConfigurationPlatforms) = postSolution
		{193E25C9-39B8-44B7-AB7D-ABEBF5EAB9D6}.Debug|Any CPU.ActiveCfg = Debug|Any CPU
		{193E25C9-39B8-44B7-AB7D-ABEBF5EAB9D6}.Debug|Any CPU.Build.0 = Debug|Any CPU
		{193E25C9-39B8-44B7-AB7D-ABEBF5EAB9D6}.Release|Any CPU.ActiveCfg = Release|Any CPU
		{193E25C9-39B8-44B7-AB7D-ABEBF5EAB9D6}.Release|Any CPU.Build.0 = Release|Any CPU
	EndGlobalSection
	GlobalSection(SolutionProperties) = preSolution
		HideSolutionNode = FALSE
	EndGlobalSection
	GlobalSection(ExtensibilityGlobals) = postSolution
		SolutionGuid = {89D0B859-7605-4813-8D11-E96282BED9D6}
	EndGlobalSection
EndGlobal
